
Microsoft Visual Studio Solution File, Format Version 12.00
# Visual Studio 14
VisualStudioVersion = 14.0.25420.1
MinimumVisualStudioVersion = 10.0.40219.1
Project("{FAE04EC0-301F-11D3-BF4B-00C04F79EFBC}") = "Csharp", "Csharp\Csharp.csproj", "{22E09EDF-FA45-4CCF-BCEB-A885F090C447}"
EndProject
Project("{FAE04EC0-301F-11D3-BF4B-00C04F79EFBC}") = "Ts_ImageClassification", "Ts_ImageClassification\Ts_ImageClassification.csproj", "{29F3A328-12CC-472A-9D3E-3AD802F72373}"
EndProject
Global
	GlobalSection(SolutionConfigurationPlatforms) = preSolution
		Debug|Any CPU = Debug|Any CPU
		Release|Any CPU = Release|Any CPU
	EndGlobalSection
	GlobalSection(ProjectConfigurationPlatforms) = postSolution
		{22E09EDF-FA45-4CCF-BCEB-A885F090C447}.Debug|Any CPU.ActiveCfg = Debug|Any CPU
		{22E09EDF-FA45-4CCF-BCEB-A885F090C447}.Debug|Any CPU.Build.0 = Debug|Any CPU
		{22E09EDF-FA45-4CCF-BCEB-A885F090C447}.Release|Any CPU.ActiveCfg = Release|Any CPU
		{22E09EDF-FA45-4CCF-BCEB-A885F090C447}.Release|Any CPU.Build.0 = Release|Any CPU
		{29F3A328-12CC-472A-9D3E-3AD802F72373}.Debug|Any CPU.ActiveCfg = Debug|Any CPU
		{29F3A328-12CC-472A-9D3E-3AD802F72373}.Debug|Any CPU.Build.0 = Debug|Any CPU
		{29F3A328-12CC-472A-9D3E-3AD802F72373}.Release|Any CPU.ActiveCfg = Release|Any CPU
		{29F3A328-12CC-472A-9D3E-3AD802F72373}.Release|Any CPU.Build.0 = Release|Any CPU
	EndGlobalSection
	GlobalSection(SolutionProperties) = preSolution
		HideSolutionNode = FALSE
	EndGlobalSection
EndGlobal
